// !$*UTF8*$!
{
	archiveVersion = 1;
	classes = {
	};
	objectVersion = 46;
	objects = {

/* Begin PBXBuildFile section */
		B31CA46C1AE23AE7008E3FBC /* main.m in Sources */ = {isa = PBXBuildFile; fileRef = B31CA46B1AE23AE7008E3FBC /* main.m */; };
		B31CA46F1AE23AE7008E3FBC /* AppDelegate.m in Sources */ = {isa = PBXBuildFile; fileRef = B31CA46E1AE23AE7008E3FBC /* AppDelegate.m */; };
		B31CA4721AE23AE7008E3FBC /* ViewController.m in Sources */ = {isa = PBXBuildFile; fileRef = B31CA4711AE23AE7008E3FBC /* ViewController.m */; };
		B31CA4751AE23AE7008E3FBC /* Main.storyboard in Resources */ = {isa = PBXBuildFile; fileRef = B31CA4731AE23AE7008E3FBC /* Main.storyboard */; };
		B31CA4771AE23AE7008E3FBC /* Images.xcassets in Resources */ = {isa = PBXBuildFile; fileRef = B31CA4761AE23AE7008E3FBC /* Images.xcassets */; };
		B31CA47A1AE23AE7008E3FBC /* LaunchScreen.xib in Resources */ = {isa = PBXBuildFile; fileRef = B31CA4781AE23AE7008E3FBC /* LaunchScreen.xib */; };
		B31CA4861AE23AE8008E3FBC /* DrinkWithMeTests.m in Sources */ = {isa = PBXBuildFile; fileRef = B31CA4851AE23AE8008E3FBC /* DrinkWithMeTests.m */; };
/* End PBXBuildFile section */

/* Begin PBXContainerItemProxy section */
		B31CA4801AE23AE8008E3FBC /* PBXContainerItemProxy */ = {
			isa = PBXContainerItemProxy;
			containerPortal = B31CA45E1AE23AE7008E3FBC /* Project object */;
			proxyType = 1;
			remoteGlobalIDString = B31CA4651AE23AE7008E3FBC;
			remoteInfo = DrinkWithMe;
		};
/* End PBXContainerItemProxy section */

/* Begin PBXFileReference section */
		B31CA4661AE23AE7008E3FBC /* DrinkWithMe.app */ = {isa = PBXFileReference; explicitFileType = wrapper.application; includeInIndex = 0; path = DrinkWithMe.app; sourceTree = BUILT_PRODUCTS_DIR; };
		B31CA46A1AE23AE7008E3FBC /* Info.plist */ = {isa = PBXFileReference; lastKnownFileType = text.plist.xml; path = Info.plist; sourceTree = "<group>"; };
		B31CA46B1AE23AE7008E3FBC /* main.m */ = {isa = PBXFileReference; lastKnownFileType = sourcecode.c.objc; path = main.m; sourceTree = "<group>"; };
		B31CA46D1AE23AE7008E3FBC /* AppDelegate.h */ = {isa = PBXFileReference; lastKnownFileType = sourcecode.c.h; path = AppDelegate.h; sourceTree = "<group>"; };
		B31CA46E1AE23AE7008E3FBC /* AppDelegate.m */ = {isa = PBXFileReference; lastKnownFileType = sourcecode.c.objc; path = AppDelegate.m; sourceTree = "<group>"; };
		B31CA4701AE23AE7008E3FBC /* ViewController.h */ = {isa = PBXFileReference; lastKnownFileType = sourcecode.c.h; path = ViewController.h; sourceTree = "<group>"; };
		B31CA4711AE23AE7008E3FBC /* ViewController.m */ = {isa = PBXFileReference; lastKnownFileType = sourcecode.c.objc; path = ViewController.m; sourceTree = "<group>"; };
		B31CA4741AE23AE7008E3FBC /* Base */ = {isa = PBXFileReference; lastKnownFileType = file.storyboard; name = Base; path = Base.lproj/Main.storyboard; sourceTree = "<group>"; };
		B31CA4761AE23AE7008E3FBC /* Images.xcassets */ = {isa = PBXFileReference; lastKnownFileType = folder.assetcatalog; path = Images.xcassets; sourceTree = "<group>"; };
		B31CA4791AE23AE7008E3FBC /* Base */ = {isa = PBXFileReference; lastKnownFileType = file.xib; name = Base; path = Base.lproj/LaunchScreen.xib; sourceTree = "<group>"; };
		B31CA47F1AE23AE8008E3FBC /* DrinkWithMeTests.xctest */ = {isa = PBXFileReference; explicitFileType = wrapper.cfbundle; includeInIndex = 0; path = DrinkWithMeTests.xctest; sourceTree = BUILT_PRODUCTS_DIR; };
		B31CA4841AE23AE8008E3FBC /* Info.plist */ = {isa = PBXFileReference; lastKnownFileType = text.plist.xml; path = Info.plist; sourceTree = "<group>"; };
		B31CA4851AE23AE8008E3FBC /* DrinkWithMeTests.m */ = {isa = PBXFileReference; lastKnownFileType = sourcecode.c.objc; path = DrinkWithMeTests.m; sourceTree = "<group>"; };
/* End PBXFileReference section */

/* Begin PBXFrameworksBuildPhase section */
		B31CA4631AE23AE7008E3FBC /* Frameworks */ = {
			isa = PBXFrameworksBuildPhase;
			buildActionMask = 2147483647;
			files = (
			);
			runOnlyForDeploymentPostprocessing = 0;
		};
		B31CA47C1AE23AE8008E3FBC /* Frameworks */ = {
			isa = PBXFrameworksBuildPhase;
			buildActionMask = 2147483647;
			files = (
			);
			runOnlyForDeploymentPostprocessing = 0;
		};
/* End PBXFrameworksBuildPhase section */

/* Begin PBXGroup section */
		B31CA45D1AE23AE7008E3FBC = {
			isa = PBXGroup;
			children = (
				B31CA4681AE23AE7008E3FBC /* DrinkWithMe */,
				B31CA4821AE23AE8008E3FBC /* DrinkWithMeTests */,
				B31CA4671AE23AE7008E3FBC /* Products */,
			);
			sourceTree = "<group>";
		};
		B31CA4671AE23AE7008E3FBC /* Products */ = {
			isa = PBXGroup;
			children = (
				B31CA4661AE23AE7008E3FBC /* DrinkWithMe.app */,
				B31CA47F1AE23AE8008E3FBC /* DrinkWithMeTests.xctest */,
			);
			name = Products;
			sourceTree = "<group>";
		};
		B31CA4681AE23AE7008E3FBC /* DrinkWithMe */ = {
			isa = PBXGroup;
			children = (
				B31CA46D1AE23AE7008E3FBC /* AppDelegate.h */,
				B31CA46E1AE23AE7008E3FBC /* AppDelegate.m */,
				B31CA4701AE23AE7008E3FBC /* ViewController.h */,
				B31CA4711AE23AE7008E3FBC /* ViewController.m */,
				B31CA4731AE23AE7008E3FBC /* Main.storyboard */,
				B31CA4761AE23AE7008E3FBC /* Images.xcassets */,
				B31CA4781AE23AE7008E3FBC /* LaunchScreen.xib */,
				B31CA4691AE23AE7008E3FBC /* Supporting Files */,
			);
			path = DrinkWithMe;
			sourceTree = "<group>";
		};
		B31CA4691AE23AE7008E3FBC /* Supporting Files */ = {
			isa = PBXGroup;
			children = (
				B31CA46A1AE23AE7008E3FBC /* Info.plist */,
				B31CA46B1AE23AE7008E3FBC /* main.m */,
			);
			name = "Supporting Files";
			sourceTree = "<group>";
		};
		B31CA4821AE23AE8008E3FBC /* DrinkWithMeTests */ = {
			isa = PBXGroup;
			children = (
				B31CA4851AE23AE8008E3FBC /* DrinkWithMeTests.m */,
				B31CA4831AE23AE8008E3FBC /* Supporting Files */,
			);
			path = DrinkWithMeTests;
			sourceTree = "<group>";
		};
		B31CA4831AE23AE8008E3FBC /* Supporting Files */ = {
			isa = PBXGroup;
			children = (
				B31CA4841AE23AE8008E3FBC /* Info.plist */,
			);
			name = "Supporting Files";
			sourceTree = "<group>";
		};
/* End PBXGroup section */

/* Begin PBXNativeTarget section */
		B31CA4651AE23AE7008E3FBC /* DrinkWithMe */ = {
			isa = PBXNativeTarget;
			buildConfigurationList = B31CA4891AE23AE8008E3FBC /* Build configuration list for PBXNativeTarget "DrinkWithMe" */;
			buildPhases = (
				B31CA4621AE23AE7008E3FBC /* Sources */,
				B31CA4631AE23AE7008E3FBC /* Frameworks */,
				B31CA4641AE23AE7008E3FBC /* Resources */,
			);
			buildRules = (
			);
			dependencies = (
			);
			name = DrinkWithMe;
			productName = DrinkWithMe;
			productReference = B31CA4661AE23AE7008E3FBC /* DrinkWithMe.app */;
			productType = "com.apple.product-type.application";
		};
		B31CA47E1AE23AE8008E3FBC /* DrinkWithMeTests */ = {
			isa = PBXNativeTarget;
			buildConfigurationList = B31CA48C1AE23AE8008E3FBC /* Build configuration list for PBXNativeTarget "DrinkWithMeTests" */;
			buildPhases = (
				B31CA47B1AE23AE8008E3FBC /* Sources */,
				B31CA47C1AE23AE8008E3FBC /* Frameworks */,
				B31CA47D1AE23AE8008E3FBC /* Resources */,
			);
			buildRules = (
			);
			dependencies = (
				B31CA4811AE23AE8008E3FBC /* PBXTargetDependency */,
			);
			name = DrinkWithMeTests;
			productName = DrinkWithMeTests;
			productReference = B31CA47F1AE23AE8008E3FBC /* DrinkWithMeTests.xctest */;
			productType = "com.apple.product-type.bundle.unit-test";
		};
/* End PBXNativeTarget section */

/* Begin PBXProject section */
		B31CA45E1AE23AE7008E3FBC /* Project object */ = {
			isa = PBXProject;
			attributes = {
				LastUpgradeCheck = 0620;
				ORGANIZATIONNAME = mobytelab;
				TargetAttributes = {
					B31CA4651AE23AE7008E3FBC = {
						CreatedOnToolsVersion = 6.2;
					};
					B31CA47E1AE23AE8008E3FBC = {
						CreatedOnToolsVersion = 6.2;
						TestTargetID = B31CA4651AE23AE7008E3FBC;
					};
				};
			};
			buildConfigurationList = B31CA4611AE23AE7008E3FBC /* Build configuration list for PBXProject "DrinkWithMe" */;
			compatibilityVersion = "Xcode 3.2";
			developmentRegion = English;
			hasScannedForEncodings = 0;
			knownRegions = (
				en,
				Base,
			);
			mainGroup = B31CA45D1AE23AE7008E3FBC;
			productRefGroup = B31CA4671AE23AE7008E3FBC /* Products */;
			projectDirPath = "";
			projectRoot = "";
			targets = (
				B31CA4651AE23AE7008E3FBC /* DrinkWithMe */,
				B31CA47E1AE23AE8008E3FBC /* DrinkWithMeTests */,
			);
		};
/* End PBXProject section */

/* Begin PBXResourcesBuildPhase section */
		B31CA4641AE23AE7008E3FBC /* Resources */ = {
			isa = PBXResourcesBuildPhase;
			buildActionMask = 2147483647;
			files = (
				B31CA4751AE23AE7008E3FBC /* Main.storyboard in Resources */,
				B31CA47A1AE23AE7008E3FBC /* LaunchScreen.xib in Resources */,
				B31CA4771AE23AE7008E3FBC /* Images.xcassets in Resources */,
			);
			runOnlyForDeploymentPostprocessing = 0;
		};
		B31CA47D1AE23AE8008E3FBC /* Resources */ = {
			isa = PBXResourcesBuildPhase;
			buildActionMask = 2147483647;
			files = (
			);
			runOnlyForDeploymentPostprocessing = 0;
		};
/* End PBXResourcesBuildPhase section */

/* Begin PBXSourcesBuildPhase section */
		B31CA4621AE23AE7008E3FBC /* Sources */ = {
			isa = PBXSourcesBuildPhase;
			buildActionMask = 2147483647;
			files = (
				B31CA4721AE23AE7008E3FBC /* ViewController.m in Sources */,
				B31CA46F1AE23AE7008E3FBC /* AppDelegate.m in Sources */,
				B31CA46C1AE23AE7008E3FBC /* main.m in Sources */,
			);
			runOnlyForDeploymentPostprocessing = 0;
		};
		B31CA47B1AE23AE8008E3FBC /* Sources */ = {
			isa = PBXSourcesBuildPhase;
			buildActionMask = 2147483647;
			files = (
				B31CA4861AE23AE8008E3FBC /* DrinkWithMeTests.m in Sources */,
			);
			runOnlyForDeploymentPostprocessing = 0;
		};
/* End PBXSourcesBuildPhase section */

/* Begin PBXTargetDependency section */
		B31CA4811AE23AE8008E3FBC /* PBXTargetDependency */ = {
			isa = PBXTargetDependency;
			target = B31CA4651AE23AE7008E3FBC /* DrinkWithMe */;
			targetProxy = B31CA4801AE23AE8008E3FBC /* PBXContainerItemProxy */;
		};
/* End PBXTargetDependency section */

/* Begin PBXVariantGroup section */
		B31CA4731AE23AE7008E3FBC /* Main.storyboard */ = {
			isa = PBXVariantGroup;
			children = (
				B31CA4741AE23AE7008E3FBC /* Base */,
			);
			name = Main.storyboard;
			sourceTree = "<group>";
		};
		B31CA4781AE23AE7008E3FBC /* LaunchScreen.xib */ = {
			isa = PBXVariantGroup;
			children = (
				B31CA4791AE23AE7008E3FBC /* Base */,
			);
			name = LaunchScreen.xib;
			sourceTree = "<group>";
		};
/* End PBXVariantGroup section */

/* Begin XCBuildConfiguration section */
		B31CA4871AE23AE8008E3FBC /* Debug */ = {
			isa = XCBuildConfiguration;
			buildSettings = {
				ALWAYS_SEARCH_USER_PATHS = NO;
				CLANG_CXX_LANGUAGE_STANDARD = "gnu++0x";
				CLANG_CXX_LIBRARY = "libc++";
				CLANG_ENABLE_MODULES = YES;
				CLANG_ENABLE_OBJC_ARC = YES;
				CLANG_WARN_BOOL_CONVERSION = YES;
				CLANG_WARN_CONSTANT_CONVERSION = YES;
				CLANG_WARN_DIRECT_OBJC_ISA_USAGE = YES_ERROR;
				CLANG_WARN_EMPTY_BODY = YES;
				CLANG_WARN_ENUM_CONVERSION = YES;
				CLANG_WARN_INT_CONVERSION = YES;
				CLANG_WARN_OBJC_ROOT_CLASS = YES_ERROR;
				CLANG_WARN_UNREACHABLE_CODE = YES;
				CLANG_WARN__DUPLICATE_METHOD_MATCH = YES;
				"CODE_SIGN_IDENTITY[sdk=iphoneos*]" = "iPhone Developer";
				COPY_PHASE_STRIP = NO;
				ENABLE_STRICT_OBJC_MSGSEND = YES;
				GCC_C_LANGUAGE_STANDARD = gnu99;
				GCC_DYNAMIC_NO_PIC = NO;
				GCC_OPTIMIZATION_LEVEL = 0;
				GCC_PREPROCESSOR_DEFINITIONS = (
					"DEBUG=1",
					"$(inherited)",
				);
				GCC_SYMBOLS_PRIVATE_EXTERN = NO;
				GCC_WARN_64_TO_32_BIT_CONVERSION = YES;
				GCC_WARN_ABOUT_RETURN_TYPE = YES_ERROR;
				GCC_WARN_UNDECLARED_SELECTOR = YES;
				GCC_WARN_UNINITIALIZED_AUTOS = YES_AGGRESSIVE;
				GCC_WARN_UNUSED_FUNCTION = YES;
				GCC_WARN_UNUSED_VARIABLE = YES;
				IPHONEOS_DEPLOYMENT_TARGET = 8.2;
				MTL_ENABLE_DEBUG_INFO = YES;
				ONLY_ACTIVE_ARCH = YES;
				SDKROOT = iphoneos;
			};
			name = Debug;
		};
		B31CA4881AE23AE8008E3FBC /* Release */ = {
			isa = XCBuildConfiguration;
			buildSettings = {
				ALWAYS_SEARCH_USER_PATHS = NO;
				CLANG_CXX_LANGUAGE_STANDARD = "gnu++0x";
				CLANG_CXX_LIBRARY = "libc++";
				CLANG_ENABLE_MODULES = YES;
				CLANG_ENABLE_OBJC_ARC = YES;
				CLANG_WARN_BOOL_CONVERSION = YES;
				CLANG_WARN_CONSTANT_CONVERSION = YES;
				CLANG_WARN_DIRECT_OBJC_ISA_USAGE = YES_ERROR;
				CLANG_WARN_EMPTY_BODY = YES;
				CLANG_WARN_ENUM_CONVERSION = YES;
				CLANG_WARN_INT_CONVERSION = YES;
				CLANG_WARN_OBJC_ROOT_CLASS = YES_ERROR;
				CLANG_WARN_UNREACHABLE_CODE = YES;
				CLANG_WARN__DUPLICATE_METHOD_MATCH = YES;
				"CODE_SIGN_IDENTITY[sdk=iphoneos*]" = "iPhone Developer";
				COPY_PHASE_STRIP = NO;
				ENABLE_NS_ASSERTIONS = NO;
				ENABLE_STRICT_OBJC_MSGSEND = YES;
				GCC_C_LANGUAGE_STANDARD = gnu99;
				GCC_WARN_64_TO_32_BIT_CONVERSION = YES;
				GCC_WARN_ABOUT_RETURN_TYPE = YES_ERROR;
				GCC_WARN_UNDECLARED_SELECTOR = YES;
				GCC_WARN_UNINITIALIZED_AUTOS = YES_AGGRESSIVE;
				GCC_WARN_UNUSED_FUNCTION = YES;
				GCC_WARN_UNUSED_VARIABLE = YES;
				IPHONEOS_DEPLOYMENT_TARGET = 8.2;
				MTL_ENABLE_DEBUG_INFO = NO;
				SDKROOT = iphoneos;
				VALIDATE_PRODUCT = YES;
			};
			name = Release;
		};
		B31CA48A1AE23AE8008E3FBC /* Debug */ = {
			isa = XCBuildConfiguration;
			buildSettings = {
				ASSETCATALOG_COMPILER_APPICON_NAME = AppIcon;
				INFOPLIST_FILE = DrinkWithMe/Info.plist;
				LD_RUNPATH_SEARCH_PATHS = "$(inherited) @executable_path/Frameworks";
				PRODUCT_NAME = "$(TARGET_NAME)";
			};
			name = Debug;
		};
		B31CA48B1AE23AE8008E3FBC /* Release */ = {
			isa = XCBuildConfiguration;
			buildSettings = {
				ASSETCATALOG_COMPILER_APPICON_NAME = AppIcon;
				INFOPLIST_FILE = DrinkWithMe/Info.plist;
				LD_RUNPATH_SEARCH_PATHS = "$(inherited) @executable_path/Frameworks";
				PRODUCT_NAME = "$(TARGET_NAME)";
			};
			name = Release;
		};
		B31CA48D1AE23AE8008E3FBC /* Debug */ = {
			isa = XCBuildConfiguration;
			buildSettings = {
				BUNDLE_LOADER = "$(TEST_HOST)";
				FRAMEWORK_SEARCH_PATHS = (
					"$(SDKROOT)/Developer/Library/Frameworks",
					"$(inherited)",
				);
				GCC_PREPROCESSOR_DEFINITIONS = (
					"DEBUG=1",
					"$(inherited)",
				);
				INFOPLIST_FILE = DrinkWithMeTests/Info.plist;
				LD_RUNPATH_SEARCH_PATHS = "$(inherited) @executable_path/Frameworks @loader_path/Frameworks";
				PRODUCT_NAME = "$(TARGET_NAME)";
				TEST_HOST = "$(BUILT_PRODUCTS_DIR)/DrinkWithMe.app/DrinkWithMe";
			};
			name = Debug;
		};
		B31CA48E1AE23AE8008E3FBC /* Release */ = {
			isa = XCBuildConfiguration;
			buildSettings = {
				BUNDLE_LOADER = "$(TEST_HOST)";
				FRAMEWORK_SEARCH_PATHS = (
					"$(SDKROOT)/Developer/Library/Frameworks",
					"$(inherited)",
				);
				INFOPLIST_FILE = DrinkWithMeTests/Info.plist;
				LD_RUNPATH_SEARCH_PATHS = "$(inherited) @executable_path/Frameworks @loader_path/Frameworks";
				PRODUCT_NAME = "$(TARGET_NAME)";
				TEST_HOST = "$(BUILT_PRODUCTS_DIR)/DrinkWithMe.app/DrinkWithMe";
			};
			name = Release;
		};
/* End XCBuildConfiguration section */

/* Begin XCConfigurationList section */
		B31CA4611AE23AE7008E3FBC /* Build configuration list for PBXProject "DrinkWithMe" */ = {
			isa = XCConfigurationList;
			buildConfigurations = (
				B31CA4871AE23AE8008E3FBC /* Debug */,
				B31CA4881AE23AE8008E3FBC /* Release */,
			);
			defaultConfigurationIsVisible = 0;
			defaultConfigurationName = Release;
		};
		B31CA4891AE23AE8008E3FBC /* Build configuration list for PBXNativeTarget "DrinkWithMe" */ = {
			isa = XCConfigurationList;
			buildConfigurations = (
				B31CA48A1AE23AE8008E3FBC /* Debug */,
				B31CA48B1AE23AE8008E3FBC /* Release */,
			);
			defaultConfigurationIsVisible = 0;
		};
		B31CA48C1AE23AE8008E3FBC /* Build configuration list for PBXNativeTarget "DrinkWithMeTests" */ = {
			isa = XCConfigurationList;
			buildConfigurations = (
				B31CA48D1AE23AE8008E3FBC /* Debug */,
				B31CA48E1AE23AE8008E3FBC /* Release */,
			);
			defaultConfigurationIsVisible = 0;
		};
/* End XCConfigurationList section */
	};
	rootObject = B31CA45E1AE23AE7008E3FBC /* Project object */;
}
